
Microsoft Visual Studio Solution File, Format Version 12.00
# Visual Studio Version 16
VisualStudioVersion = 16.0.29519.181
MinimumVisualStudioVersion = 10.0.40219.1
Project("{FAE04EC0-301F-11D3-BF4B-00C04F79EFBC}") = "CommuneLetters", "CommuneLetters\CommuneLetters.csproj", "{D550C286-C859-4255-9889-FEBE3C1803D8}"
EndProject
Global
	GlobalSection(SolutionConfigurationPlatforms) = preSolution
		Debug|Any CPU = Debug|Any CPU
		Release|Any CPU = Release|Any CPU
	EndGlobalSection
	GlobalSection(ProjectConfigurationPlatforms) = postSolution
		{D550C286-C859-4255-9889-FEBE3C1803D8}.Debug|Any CPU.ActiveCfg = Debug|Any CPU
		{D550C286-C859-4255-9889-FEBE3C1803D8}.Debug|Any CPU.Build.0 = Debug|Any CPU
		{D550C286-C859-4255-9889-FEBE3C1803D8}.Release|Any CPU.ActiveCfg = Release|Any CPU
		{D550C286-C859-4255-9889-FEBE3C1803D8}.Release|Any CPU.Build.0 = Release|Any CPU
	EndGlobalSection
	GlobalSection(SolutionProperties) = preSolution
		HideSolutionNode = FALSE
	EndGlobalSection
	GlobalSection(ExtensibilityGlobals) = postSolution
		SolutionGuid = {8CED43BC-1C1F-4697-AA5E-BDB560B4B3BA}
	EndGlobalSection
EndGlobal
